
Microsoft Visual Studio Solution File, Format Version 12.00
# Visual Studio 15
VisualStudioVersion = 15.0.26403.7
MinimumVisualStudioVersion = 10.0.40219.1
Project("{FAE04EC0-301F-11D3-BF4B-00C04F79EFBC}") = "DM_Skills", "DM_Skills\DM_Skills.csproj", "{9DFF9105-2C79-40D1-937C-53243CBE4D4B}"
EndProject
Project("{FAE04EC0-301F-11D3-BF4B-00C04F79EFBC}") = "SQLite_DB_LIB", "SQLite_DB_LIB\SQLite_DB_LIB.csproj", "{73124049-3A77-4959-B036-6704EB61408D}"
EndProject
Global
	GlobalSection(SolutionConfigurationPlatforms) = preSolution
		Debug|Any CPU = Debug|Any CPU
		Release|Any CPU = Release|Any CPU
	EndGlobalSection
	GlobalSection(ProjectConfigurationPlatforms) = postSolution
		{9DFF9105-2C79-40D1-937C-53243CBE4D4B}.Debug|Any CPU.ActiveCfg = Debug|Any CPU
		{9DFF9105-2C79-40D1-937C-53243CBE4D4B}.Debug|Any CPU.Build.0 = Debug|Any CPU
		{9DFF9105-2C79-40D1-937C-53243CBE4D4B}.Release|Any CPU.ActiveCfg = Release|Any CPU
		{9DFF9105-2C79-40D1-937C-53243CBE4D4B}.Release|Any CPU.Build.0 = Release|Any CPU
		{73124049-3A77-4959-B036-6704EB61408D}.Debug|Any CPU.ActiveCfg = Debug|Any CPU
		{73124049-3A77-4959-B036-6704EB61408D}.Debug|Any CPU.Build.0 = Debug|Any CPU
		{73124049-3A77-4959-B036-6704EB61408D}.Release|Any CPU.ActiveCfg = Release|Any CPU
		{73124049-3A77-4959-B036-6704EB61408D}.Release|Any CPU.Build.0 = Release|Any CPU
	EndGlobalSection
	GlobalSection(SolutionProperties) = preSolution
		HideSolutionNode = FALSE
	EndGlobalSection
EndGlobal
